github.com/bussiere/GoTestDoc v0.0.0-20191027132716-a43afdc7a22a h1:hgr39w6f/RJ/tOikQPtj9fzCHOyQuvjJtN+Z/dhO7uI=
github.com/bussiere/GoTestDoc v0.0.0-20191027132716-a43afdc7a22a/go.mod h1:yyRspwObHiDBmPp2CwC8JsAkdgBWLwDcg2K3MtxKAlE=
github.com/bussiere/GoTestDoc v0.0.0-20191027133840-f96bc9c7de0d h1:z0EekSIOvObXH0OWIGs3fT/Iovtpz8ei6qs2MESVBpo=
github.com/bussiere/GoTestDoc/project v0.0.0-20191027132716-a43afdc7a22a h1:Y4MtDFgnZAZMyUZnGroC5SbXza+FxzqT4XGz9n3FnAU=
github.com/bussiere/GoTestDoc/project v0.0.0-20191027133840-f96bc9c7de0d h1:QbMIGfzhOO9p9vAoSol46LryN1HvlSFmyvcm6aj/VnE=
github.com/bussiere/GoTestDoc/project v0.0.0-20191027133840-f96bc9c7de0d/go.mod h1:nP8DQAXd48yml4S78d1aA2FFlm1GHvm0xrn0OQ77hLg=
